
Microsoft Visual Studio Solution File, Format Version 12.00
# Visual Studio Version 17
VisualStudioVersion = 17.7.34031.279
MinimumVisualStudioVersion = 10.0.40219.1
Project("{2150E333-8FDC-42A3-9474-1A3956D46DE8}") = "Task0", "Task0", "{DAE5256D-9EAF-4D1C-8CFA-9CE884A926E4}"
EndProject
Project("{FAE04EC0-301F-11D3-BF4B-00C04F79EFBC}") = "Tyuiu.KrutikovaVP.Sprint6.Task0.V26.Lib", "Tyuiu.KrutikovaVP.Sprint6.Task0.V26.Lib\Tyuiu.KrutikovaVP.Sprint6.Task0.V26.Lib.csproj", "{D314678A-BB7B-4478-98F5-923B67566642}"
EndProject
Project("{FAE04EC0-301F-11D3-BF4B-00C04F79EFBC}") = "Tyuiu.KrutikovaVP.Sprint6.Task0.V26.Test", "Tyuiu.KrutikovaVP.Sprint6.Task0.V26.Test\Tyuiu.KrutikovaVP.Sprint6.Task0.V26.Test.csproj", "{94A5917A-C816-4718-A609-B7EE5014D131}"
EndProject
Project("{FAE04EC0-301F-11D3-BF4B-00C04F79EFBC}") = "Tyuiu.KrutikovaVP.Sprint6.Task0.V26", "Tyuiu.KrutikovaVP.Sprint6.Task0.V26\Tyuiu.KrutikovaVP.Sprint6.Task0.V26.csproj", "{4AB4A677-7AF5-4075-9913-8DAD5833A268}"
EndProject
Project("{2150E333-8FDC-42A3-9474-1A3956D46DE8}") = "Task1", "Task1", "{4E13350C-4152-4458-B5E0-45169D11323B}"
EndProject
Project("{FAE04EC0-301F-11D3-BF4B-00C04F79EFBC}") = "Tyuiu.KrutikovaVP.Sprint6.Task1.V15.Test", "Tyuiu.KrutikovaVP.Sprint6.Task1.V15.Test\Tyuiu.KrutikovaVP.Sprint6.Task1.V15.Test.csproj", "{3E802BE6-7FCD-4563-B8A2-4E6BBD6377AC}"
EndProject
Project("{FAE04EC0-301F-11D3-BF4B-00C04F79EFBC}") = "Tyuiu.KrutikovaVP.Sprint6.Task1.V15.Lib", "Tyuiu.KrutikovaVP.Sprint6.Task1.V15.Lib\Tyuiu.KrutikovaVP.Sprint6.Task1.V15.Lib.csproj", "{3D4E99B3-FF59-4613-9888-8777ADFE2483}"
EndProject
Project("{FAE04EC0-301F-11D3-BF4B-00C04F79EFBC}") = "Tyuiu.KrutikovaVP.Sprint6.Task1.V15", "Tyuiu.KrutikovaVP.Sprint6.Task1.V15\Tyuiu.KrutikovaVP.Sprint6.Task1.V15.csproj", "{5D4DCE5C-F884-4EEE-B460-B2F709F1C2DC}"
EndProject
Project("{FAE04EC0-301F-11D3-BF4B-00C04F79EFBC}") = "Tyuiu.KrutikovaVP.Sprint6.Task2.V10.Lib", "Tyuiu.KrutikovaVP.Sprint6.Task2.V10.Lib\Tyuiu.KrutikovaVP.Sprint6.Task2.V10.Lib.csproj", "{9F27640E-76BD-4A6D-92A5-C8252416CBF4}"
EndProject
Project("{2150E333-8FDC-42A3-9474-1A3956D46DE8}") = "Task2", "Task2", "{8A9E394C-A835-4FA4-B4E6-631CF41FBAFD}"
EndProject
Project("{FAE04EC0-301F-11D3-BF4B-00C04F79EFBC}") = "Tyuiu.KrutikovaVP.Sprint6.Task2.V10.Test", "Tyuiu.KrutikovaVP.Sprint6.Task2.V10.Test\Tyuiu.KrutikovaVP.Sprint6.Task2.V10.Test.csproj", "{20248338-0E3B-4D4C-BCC3-B2788A29049E}"
EndProject
Project("{FAE04EC0-301F-11D3-BF4B-00C04F79EFBC}") = "Tyuiu.KrutikovaVP.Sprint6.Task2.V10", "Tyuiu.KrutikovaVP.Sprint6.Task2.V10\Tyuiu.KrutikovaVP.Sprint6.Task2.V10.csproj", "{0B3195EB-580D-4D0A-8AA6-693941CB0D0A}"
EndProject
Project("{2150E333-8FDC-42A3-9474-1A3956D46DE8}") = "Task3", "Task3", "{3A93C347-9740-4D50-A769-F99B89BAEAF5}"
EndProject
Project("{FAE04EC0-301F-11D3-BF4B-00C04F79EFBC}") = "Tyuiu.KrutikovaVP.Sprint6.Task3.V11.Lib", "Tyuiu.KrutikovaVP.Sprint6.Task3.V11.Lib\Tyuiu.KrutikovaVP.Sprint6.Task3.V11.Lib.csproj", "{6754840A-1AF3-43AB-A053-408978A5706A}"
EndProject
Project("{FAE04EC0-301F-11D3-BF4B-00C04F79EFBC}") = "Tyuiu.KrutikovaVP.Sprint6.Task3.V11.Test", "Tyuiu.KrutikovaVP.Sprint6.Task3.V11.Test\Tyuiu.KrutikovaVP.Sprint6.Task3.V11.Test.csproj", "{D80F89FA-FE14-46A2-8C91-3D78AA099132}"
EndProject
Project("{FAE04EC0-301F-11D3-BF4B-00C04F79EFBC}") = "Tyuiu.KrutikovaVP.Sprint6.Task3.V11", "Tyuiu.KrutikovaVP.Sprint6.Task3.V11\Tyuiu.KrutikovaVP.Sprint6.Task3.V11.csproj", "{903837B4-6D13-4D82-ABDA-642B2C507FD9}"
EndProject
Global
	GlobalSection(SolutionConfigurationPlatforms) = preSolution
		Debug|Any CPU = Debug|Any CPU
		Release|Any CPU = Release|Any CPU
	EndGlobalSection
	GlobalSection(ProjectConfigurationPlatforms) = postSolution
		{D314678A-BB7B-4478-98F5-923B67566642}.Debug|Any CPU.ActiveCfg = Debug|Any CPU
		{D314678A-BB7B-4478-98F5-923B67566642}.Debug|Any CPU.Build.0 = Debug|Any CPU
		{D314678A-BB7B-4478-98F5-923B67566642}.Release|Any CPU.ActiveCfg = Release|Any CPU
		{D314678A-BB7B-4478-98F5-923B67566642}.Release|Any CPU.Build.0 = Release|Any CPU
		{94A5917A-C816-4718-A609-B7EE5014D131}.Debug|Any CPU.ActiveCfg = Debug|Any CPU
		{94A5917A-C816-4718-A609-B7EE5014D131}.Debug|Any CPU.Build.0 = Debug|Any CPU
		{94A5917A-C816-4718-A609-B7EE5014D131}.Release|Any CPU.ActiveCfg = Release|Any CPU
		{94A5917A-C816-4718-A609-B7EE5014D131}.Release|Any CPU.Build.0 = Release|Any CPU
		{4AB4A677-7AF5-4075-9913-8DAD5833A268}.Debug|Any CPU.ActiveCfg = Debug|Any CPU
		{4AB4A677-7AF5-4075-9913-8DAD5833A268}.Debug|Any CPU.Build.0 = Debug|Any CPU
		{4AB4A677-7AF5-4075-9913-8DAD5833A268}.Release|Any CPU.ActiveCfg = Release|Any CPU
		{4AB4A677-7AF5-4075-9913-8DAD5833A268}.Release|Any CPU.Build.0 = Release|Any CPU
		{3E802BE6-7FCD-4563-B8A2-4E6BBD6377AC}.Debug|Any CPU.ActiveCfg = Debug|Any CPU
		{3E802BE6-7FCD-4563-B8A2-4E6BBD6377AC}.Debug|Any CPU.Build.0 = Debug|Any CPU
		{3E802BE6-7FCD-4563-B8A2-4E6BBD6377AC}.Release|Any CPU.ActiveCfg = Release|Any CPU
		{3E802BE6-7FCD-4563-B8A2-4E6BBD6377AC}.Release|Any CPU.Build.0 = Release|Any CPU
		{3D4E99B3-FF59-4613-9888-8777ADFE2483}.Debug|Any CPU.ActiveCfg = Debug|Any CPU
		{3D4E99B3-FF59-4613-9888-8777ADFE2483}.Debug|Any CPU.Build.0 = Debug|Any CPU
		{3D4E99B3-FF59-4613-9888-8777ADFE2483}.Release|Any CPU.ActiveCfg = Release|Any CPU
		{3D4E99B3-FF59-4613-9888-8777ADFE2483}.Release|Any CPU.Build.0 = Release|Any CPU
		{5D4DCE5C-F884-4EEE-B460-B2F709F1C2DC}.Debug|Any CPU.ActiveCfg = Debug|Any CPU
		{5D4DCE5C-F884-4EEE-B460-B2F709F1C2DC}.Debug|Any CPU.Build.0 = Debug|Any CPU
		{5D4DCE5C-F884-4EEE-B460-B2F709F1C2DC}.Release|Any CPU.ActiveCfg = Release|Any CPU
		{5D4DCE5C-F884-4EEE-B460-B2F709F1C2DC}.Release|Any CPU.Build.0 = Release|Any CPU
		{9F27640E-76BD-4A6D-92A5-C8252416CBF4}.Debug|Any CPU.ActiveCfg = Debug|Any CPU
		{9F27640E-76BD-4A6D-92A5-C8252416CBF4}.Debug|Any CPU.Build.0 = Debug|Any CPU
		{9F27640E-76BD-4A6D-92A5-C8252416CBF4}.Release|Any CPU.ActiveCfg = Release|Any CPU
		{9F27640E-76BD-4A6D-92A5-C8252416CBF4}.Release|Any CPU.Build.0 = Release|Any CPU
		{20248338-0E3B-4D4C-BCC3-B2788A29049E}.Debug|Any CPU.ActiveCfg = Debug|Any CPU
		{20248338-0E3B-4D4C-BCC3-B2788A29049E}.Debug|Any CPU.Build.0 = Debug|Any CPU
		{20248338-0E3B-4D4C-BCC3-B2788A29049E}.Release|Any CPU.ActiveCfg = Release|Any CPU
		{20248338-0E3B-4D4C-BCC3-B2788A29049E}.Release|Any CPU.Build.0 = Release|Any CPU
		{0B3195EB-580D-4D0A-8AA6-693941CB0D0A}.Debug|Any CPU.ActiveCfg = Debug|Any CPU
		{0B3195EB-580D-4D0A-8AA6-693941CB0D0A}.Debug|Any CPU.Build.0 = Debug|Any CPU
		{0B3195EB-580D-4D0A-8AA6-693941CB0D0A}.Release|Any CPU.ActiveCfg = Release|Any CPU
		{0B3195EB-580D-4D0A-8AA6-693941CB0D0A}.Release|Any CPU.Build.0 = Release|Any CPU
		{6754840A-1AF3-43AB-A053-408978A5706A}.Debug|Any CPU.ActiveCfg = Debug|Any CPU
		{6754840A-1AF3-43AB-A053-408978A5706A}.Debug|Any CPU.Build.0 = Debug|Any CPU
		{6754840A-1AF3-43AB-A053-408978A5706A}.Release|Any CPU.ActiveCfg = Release|Any CPU
		{6754840A-1AF3-43AB-A053-408978A5706A}.Release|Any CPU.Build.0 = Release|Any CPU
		{D80F89FA-FE14-46A2-8C91-3D78AA099132}.Debug|Any CPU.ActiveCfg = Debug|Any CPU
		{D80F89FA-FE14-46A2-8C91-3D78AA099132}.Debug|Any CPU.Build.0 = Debug|Any CPU
		{D80F89FA-FE14-46A2-8C91-3D78AA099132}.Release|Any CPU.ActiveCfg = Release|Any CPU
		{D80F89FA-FE14-46A2-8C91-3D78AA099132}.Release|Any CPU.Build.0 = Release|Any CPU
		{903837B4-6D13-4D82-ABDA-642B2C507FD9}.Debug|Any CPU.ActiveCfg = Debug|Any CPU
		{903837B4-6D13-4D82-ABDA-642B2C507FD9}.Debug|Any CPU.Build.0 = Debug|Any CPU
		{903837B4-6D13-4D82-ABDA-642B2C507FD9}.Release|Any CPU.ActiveCfg = Release|Any CPU
		{903837B4-6D13-4D82-ABDA-642B2C507FD9}.Release|Any CPU.Build.0 = Release|Any CPU
	EndGlobalSection
	GlobalSection(SolutionProperties) = preSolution
		HideSolutionNode = FALSE
	EndGlobalSection
	GlobalSection(NestedProjects) = preSolution
		{D314678A-BB7B-4478-98F5-923B67566642} = {DAE5256D-9EAF-4D1C-8CFA-9CE884A926E4}
		{94A5917A-C816-4718-A609-B7EE5014D131} = {DAE5256D-9EAF-4D1C-8CFA-9CE884A926E4}
		{4AB4A677-7AF5-4075-9913-8DAD5833A268} = {DAE5256D-9EAF-4D1C-8CFA-9CE884A926E4}
		{3E802BE6-7FCD-4563-B8A2-4E6BBD6377AC} = {4E13350C-4152-4458-B5E0-45169D11323B}
		{3D4E99B3-FF59-4613-9888-8777ADFE2483} = {4E13350C-4152-4458-B5E0-45169D11323B}
		{5D4DCE5C-F884-4EEE-B460-B2F709F1C2DC} = {4E13350C-4152-4458-B5E0-45169D11323B}
		{9F27640E-76BD-4A6D-92A5-C8252416CBF4} = {8A9E394C-A835-4FA4-B4E6-631CF41FBAFD}
		{20248338-0E3B-4D4C-BCC3-B2788A29049E} = {8A9E394C-A835-4FA4-B4E6-631CF41FBAFD}
		{0B3195EB-580D-4D0A-8AA6-693941CB0D0A} = {8A9E394C-A835-4FA4-B4E6-631CF41FBAFD}
		{6754840A-1AF3-43AB-A053-408978A5706A} = {3A93C347-9740-4D50-A769-F99B89BAEAF5}
		{D80F89FA-FE14-46A2-8C91-3D78AA099132} = {3A93C347-9740-4D50-A769-F99B89BAEAF5}
		{903837B4-6D13-4D82-ABDA-642B2C507FD9} = {3A93C347-9740-4D50-A769-F99B89BAEAF5}
	EndGlobalSection
	GlobalSection(ExtensibilityGlobals) = postSolution
		SolutionGuid = {D655D740-D171-4E2F-B7CD-763632113FC8}
	EndGlobalSection
EndGlobal
